// !$*UTF8*$!
{
	archiveVersion = 1;
	classes = {
	};
	objectVersion = 56;
	objects = {

/* Begin PBXBuildFile section */
		0B4218762AFB1AA1009100A8 /* MainTabController.swift in Sources */ = {isa = PBXBuildFile; fileRef = 0B4218752AFB1AA1009100A8 /* MainTabController.swift */; };
		0B6094302AFC82B700D9A0DC /* PodcastSearchContainerController.swift in Sources */ = {isa = PBXBuildFile; fileRef = 0B60942F2AFC82B700D9A0DC /* PodcastSearchContainerController.swift */; };
		0B6094332AFC83D800D9A0DC /* Podcast.swift in Sources */ = {isa = PBXBuildFile; fileRef = 0B6094322AFC83D800D9A0DC /* Podcast.swift */; };
		0B6B1F1F2B06A69C00FB0EFE /* PodcastRemoteDataService.swift in Sources */ = {isa = PBXBuildFile; fileRef = 0B6B1F1E2B06A69C00FB0EFE /* PodcastRemoteDataService.swift */; };
		0B6B1F242B06B15100FB0EFE /* PodcastCell.swift in Sources */ = {isa = PBXBuildFile; fileRef = 0B6B1F232B06B15100FB0EFE /* PodcastCell.swift */; };
		0B6B1F262B06C5F000FB0EFE /* EpisodesController.swift in Sources */ = {isa = PBXBuildFile; fileRef = 0B6B1F252B06C5F000FB0EFE /* EpisodesController.swift */; };
		0BBEE1292B0AD8DB00FE20A7 /* CMTime.swift in Sources */ = {isa = PBXBuildFile; fileRef = 0BBEE1282B0AD8DB00FE20A7 /* CMTime.swift */; };
		0BCC344F2AFB195C005A3E38 /* AppDelegate.swift in Sources */ = {isa = PBXBuildFile; fileRef = 0BCC344E2AFB195C005A3E38 /* AppDelegate.swift */; };
		0BCC34512AFB195C005A3E38 /* SceneDelegate.swift in Sources */ = {isa = PBXBuildFile; fileRef = 0BCC34502AFB195C005A3E38 /* SceneDelegate.swift */; };
		0BCC34532AFB195C005A3E38 /* ViewController.swift in Sources */ = {isa = PBXBuildFile; fileRef = 0BCC34522AFB195C005A3E38 /* ViewController.swift */; };
		0BCC34562AFB195C005A3E38 /* Main.storyboard in Resources */ = {isa = PBXBuildFile; fileRef = 0BCC34542AFB195C005A3E38 /* Main.storyboard */; };
		0BCC34582AFB195F005A3E38 /* Assets.xcassets in Resources */ = {isa = PBXBuildFile; fileRef = 0BCC34572AFB195F005A3E38 /* Assets.xcassets */; };
		0BCC345B2AFB195F005A3E38 /* LaunchScreen.storyboard in Resources */ = {isa = PBXBuildFile; fileRef = 0BCC34592AFB195F005A3E38 /* LaunchScreen.storyboard */; };
		7C3C21D32B07E89300FDBA4A /* PlayerDetailView.swift in Sources */ = {isa = PBXBuildFile; fileRef = 7C3C21D22B07E89300FDBA4A /* PlayerDetailView.swift */; };
		7C9D91FC2B07075D00E5AABC /* Episode.swift in Sources */ = {isa = PBXBuildFile; fileRef = 7C9D91FB2B07075D00E5AABC /* Episode.swift */; };
		7C9D91FF2B0708AD00E5AABC /* EpisodeCell.swift in Sources */ = {isa = PBXBuildFile; fileRef = 7C9D91FD2B0708AD00E5AABC /* EpisodeCell.swift */; };
		7C9D92032B07412900E5AABC /* String.swift in Sources */ = {isa = PBXBuildFile; fileRef = 7C9D92022B07412900E5AABC /* String.swift */; };
		7C9D92052B07422900E5AABC /* RSSFeed.swift in Sources */ = {isa = PBXBuildFile; fileRef = 7C9D92042B07422900E5AABC /* RSSFeed.swift */; };
		9411F4D32F720EDD0029272E /* PlayerManager.swift in Sources */ = {isa = PBXBuildFile; fileRef = 9411F4D22F720EDD0029272E /* PlayerManager.swift */; };
		9418C40F2FAA8DCC00729079 /* GenrePodcastCell.swift in Sources */ = {isa = PBXBuildFile; fileRef = 9418C40C2FAA8DCC00729079 /* GenrePodcastCell.swift */; };
		9418C4102FAA8DCC00729079 /* GenresViewModel.swift in Sources */ = {isa = PBXBuildFile; fileRef = 9418C40D2FAA8DCC00729079 /* GenresViewModel.swift */; };
		9418C4112FAA8DCC00729079 /* PodcastGenreController.swift in Sources */ = {isa = PBXBuildFile; fileRef = 9418C40E2FAA8DCC00729079 /* PodcastGenreController.swift */; };
		9418C4132FAA98F300729079 /* UIViewController.swift in Sources */ = {isa = PBXBuildFile; fileRef = 9418C4122FAA98E900729079 /* UIViewController.swift */; };
		9418C4172FAA9A1C00729079 /* PodcastResultSearchController.swift in Sources */ = {isa = PBXBuildFile; fileRef = 9418C4162FAA9A1C00729079 /* PodcastResultSearchController.swift */; };
		945DCE3D2FA3E75F00256995 /* HostingCellBackground.swift in Sources */ = {isa = PBXBuildFile; fileRef = 945DCE3C2FA3E75F00256995 /* HostingCellBackground.swift */; };
		9490FA4A2FB2422000378ED5 /* CircleIconButton.swift in Sources */ = {isa = PBXBuildFile; fileRef = 9490FA492FB2422000378ED5 /* CircleIconButton.swift */; };
		9490FA4C2FB244A600378ED5 /* HostingHeaderView.swift in Sources */ = {isa = PBXBuildFile; fileRef = 9490FA4B2FB244A600378ED5 /* HostingHeaderView.swift */; };
		9490FA4E2FB2713D00378ED5 /* PodcastImage.swift in Sources */ = {isa = PBXBuildFile; fileRef = 9490FA4D2FB2713D00378ED5 /* PodcastImage.swift */; };
		9490FA502FB38DE300378ED5 /* HeaderState.swift in Sources */ = {isa = PBXBuildFile; fileRef = 9490FA4F2FB38DE300378ED5 /* HeaderState.swift */; };
		9490FA522FB3AB9600378ED5 /* AppButton.swift in Sources */ = {isa = PBXBuildFile; fileRef = 9490FA512FB3AB9600378ED5 /* AppButton.swift */; };
		9490FA542FB3C78E00378ED5 /* WaveformBars.swift in Sources */ = {isa = PBXBuildFile; fileRef = 9490FA532FB3C78E00378ED5 /* WaveformBars.swift */; };
		9490FA572FB3E13900378ED5 /* MiniPlayerView.swift in Sources */ = {isa = PBXBuildFile; fileRef = 9490FA562FB3E13900378ED5 /* MiniPlayerView.swift */; };
		9490FA5A2FB3E29000378ED5 /* RootView.swift in Sources */ = {isa = PBXBuildFile; fileRef = 9490FA592FB3E29000378ED5 /* RootView.swift */; };
		9490FA5D2FB4F6A100378ED5 /* LocalTranscriptionService.swift in Sources */ = {isa = PBXBuildFile; fileRef = 9490FA5C2FB4F6A100378ED5 /* LocalTranscriptionService.swift */; };
		9490FA8B2FB5229D00378ED5 /* CompactHeader.swift in Sources */ = {isa = PBXBuildFile; fileRef = 9490FA8A2FB5229D00378ED5 /* CompactHeader.swift */; };
		9490FA8F2FB6201F00378ED5 /* PerformanceLogger.swift in Sources */ = {isa = PBXBuildFile; fileRef = 9490FA8E2FB6201E00378ED5 /* PerformanceLogger.swift */; };
		9490FA912FB6202900378ED5 /* PerformanceCategories.swift in Sources */ = {isa = PBXBuildFile; fileRef = 9490FA902FB6202800378ED5 /* PerformanceCategories.swift */; };
		9490FA932FB63B5800378ED5 /* ImageMemoryCache.swift in Sources */ = {isa = PBXBuildFile; fileRef = 9490FA922FB63B5800378ED5 /* ImageMemoryCache.swift */; };
		9490FA952FB63B8F00378ED5 /* UIImage+Decode.swift in Sources */ = {isa = PBXBuildFile; fileRef = 9490FA942FB63B8800378ED5 /* UIImage+Decode.swift */; };
		94F4E5B22F6C810B00DC1130 /* StretchyHeaderLayout.swift in Sources */ = {isa = PBXBuildFile; fileRef = 94F4E5B12F6C810400DC1130 /* StretchyHeaderLayout.swift */; };
		94F4E5B42F6C815900DC1130 /* EpisodeHeaderView.swift in Sources */ = {isa = PBXBuildFile; fileRef = 94F4E5B32F6C815900DC1130 /* EpisodeHeaderView.swift */; };
		94F4E5B72F6C81B700DC1130 /* UIImage + averageBrightness.swift in Sources */ = {isa = PBXBuildFile; fileRef = 94F4E5B62F6C81B700DC1130 /* UIImage + averageBrightness.swift */; };
		94F4E5B92F6C86C100DC1130 /* FavoritesPodcastCell.swift in Sources */ = {isa = PBXBuildFile; fileRef = 94F4E5B82F6C86C100DC1130 /* FavoritesPodcastCell.swift */; };
		94F4E5BB2F6C8D1E00DC1130 /* FavoritesPodcastManager.swift in Sources */ = {isa = PBXBuildFile; fileRef = 94F4E5BA2F6C8D0F00DC1130 /* FavoritesPodcastManager.swift */; };
		94F4E5BD2F6CA21A00DC1130 /* EpisodesViewModel.swift in Sources */ = {isa = PBXBuildFile; fileRef = 94F4E5BC2F6CA21A00DC1130 /* EpisodesViewModel.swift */; };
		94F4E5F62F6DDBC200DC1130 /* FavoritesPodcastViewModel.swift in Sources */ = {isa = PBXBuildFile; fileRef = 94F4E5F52F6DDBB400DC1130 /* FavoritesPodcastViewModel.swift */; };
		94F4E5F82F6DFEB600DC1130 /* GenresRepositoryImpl.swift in Sources */ = {isa = PBXBuildFile; fileRef = 94F4E5F72F6DFEB600DC1130 /* GenresRepositoryImpl.swift */; };
		94F4E5FA2F6E001500DC1130 /* GenreResponse.swift in Sources */ = {isa = PBXBuildFile; fileRef = 94F4E5F92F6E001500DC1130 /* GenreResponse.swift */; };
		BA1FD1682F283A2700EBD902 /* SDWebImage in Frameworks */ = {isa = PBXBuildFile; productRef = BA1FD1672F283A2700EBD902 /* SDWebImage */; };
		BA1FD16A2F283A2700EBD902 /* SDWebImageMapKit in Frameworks */ = {isa = PBXBuildFile; productRef = BA1FD1692F283A2700EBD902 /* SDWebImageMapKit */; };
		BA1FD16D2F283A5700EBD902 /* FeedKit in Frameworks */ = {isa = PBXBuildFile; productRef = BA1FD16C2F283A5700EBD902 /* FeedKit */; };
		BA1FD16F2F283A5700EBD902 /* XMLKit in Frameworks */ = {isa = PBXBuildFile; productRef = BA1FD16E2F283A5700EBD902 /* XMLKit */; };
		BA1FD1772F283CE100EBD902 /* Alamofire in Frameworks */ = {isa = PBXBuildFile; productRef = BA1FD1762F283CE100EBD902 /* Alamofire */; };
		BA4D2F3A2F2ADFB0008A036F /* PodcastSearchViewModel.swift in Sources */ = {isa = PBXBuildFile; fileRef = BA4D2F392F2ADFB0008A036F /* PodcastSearchViewModel.swift */; };
		BA4D2F5C2F2AE059008A036F /* SearchPodcastRepository.swift in Sources */ = {isa = PBXBuildFile; fileRef = BA4D2F3C2F2ADFF5008A036F /* SearchPodcastRepository.swift */; };
		BA4D2F5E2F2AE0D4008A036F /* PodcastRepositoryImpl.swift in Sources */ = {isa = PBXBuildFile; fileRef = BA4D2F5D2F2AE0D1008A036F /* PodcastRepositoryImpl.swift */; };
		BA4D2F642F2AE4E6008A036F /* AVPlayerDataSource.swift in Sources */ = {isa = PBXBuildFile; fileRef = BA4D2F632F2AE4E1008A036F /* AVPlayerDataSource.swift */; };
		BAF855312F2D709800D6DA90 /* PlayerDetailViewModel.swift in Sources */ = {isa = PBXBuildFile; fileRef = BAF855302F2D708C00D6DA90 /* PlayerDetailViewModel.swift */; };
		BAF855342F2D8C8000D6DA90 /* FavoritesPodcastController.swift in Sources */ = {isa = PBXBuildFile; fileRef = BAF855332F2D8C6C00D6DA90 /* FavoritesPodcastController.swift */; };
/* End PBXBuildFile section */

/* Begin PBXFileReference section */
		0B4218752AFB1AA1009100A8 /* MainTabController.swift */ = {isa = PBXFileReference; lastKnownFileType = sourcecode.swift; path = MainTabController.swift; sourceTree = "<group>"; };
		0B60942F2AFC82B700D9A0DC /* PodcastSearchContainerController.swift */ = {isa = PBXFileReference; lastKnownFileType = sourcecode.swift; path = PodcastSearchContainerController.swift; sourceTree = "<group>"; };
		0B6094322AFC83D800D9A0DC /* Podcast.swift */ = {isa = PBXFileReference; lastKnownFileType = sourcecode.swift; path = Podcast.swift; sourceTree = "<group>"; };
		0B6B1F1E2B06A69C00FB0EFE /* PodcastRemoteDataService.swift */ = {isa = PBXFileReference; lastKnownFileType = sourcecode.swift; path = PodcastRemoteDataService.swift; sourceTree = "<group>"; };
		0B6B1F232B06B15100FB0EFE /* PodcastCell.swift */ = {isa = PBXFileReference; lastKnownFileType = sourcecode.swift; path = PodcastCell.swift; sourceTree = "<group>"; };
		0B6B1F252B06C5F000FB0EFE /* EpisodesController.swift */ = {isa = PBXFileReference; lastKnownFileType = sourcecode.swift; path = EpisodesController.swift; sourceTree = "<group>"; };
		0BBEE1282B0AD8DB00FE20A7 /* CMTime.swift */ = {isa = PBXFileReference; lastKnownFileType = sourcecode.swift; path = CMTime.swift; sourceTree = "<group>"; };
		0BCC344B2AFB195C005A3E38 /* Podcast.app */ = {isa = PBXFileReference; explicitFileType = wrapper.application; includeInIndex = 0; path = Podcast.app; sourceTree = BUILT_PRODUCTS_DIR; };
		0BCC344E2AFB195C005A3E38 /* AppDelegate.swift */ = {isa = PBXFileReference; lastKnownFileType = sourcecode.swift; path = AppDelegate.swift; sourceTree = "<group>"; };
		0BCC34502AFB195C005A3E38 /* SceneDelegate.swift */ = {isa = PBXFileReference; lastKnownFileType = sourcecode.swift; path = SceneDelegate.swift; sourceTree = "<group>"; };
		0BCC34522AFB195C005A3E38 /* ViewController.swift */ = {isa = PBXFileReference; lastKnownFileType = sourcecode.swift; path = ViewController.swift; sourceTree = "<group>"; };
		0BCC34552AFB195C005A3E38 /* Base */ = {isa = PBXFileReference; lastKnownFileType = file.storyboard; name = Base; path = Base.lproj/Main.storyboard; sourceTree = "<group>"; };
		0BCC34572AFB195F005A3E38 /* Assets.xcassets */ = {isa = PBXFileReference; lastKnownFileType = folder.assetcatalog; path = Assets.xcassets; sourceTree = "<group>"; };
		0BCC345A2AFB195F005A3E38 /* Base */ = {isa = PBXFileReference; lastKnownFileType = file.storyboard; name = Base; path = Base.lproj/LaunchScreen.storyboard; sourceTree = "<group>"; };
		0BCC345C2AFB195F005A3E38 /* Info.plist */ = {isa = PBXFileReference; lastKnownFileType = text.plist.xml; path = Info.plist; sourceTree = "<group>"; };
		384B7D8CB43BC2296EB82E81 /* Pods_Podcast.framework */ = {isa = PBXFileReference; explicitFileType = wrapper.framework; includeInIndex = 0; path = Pods_Podcast.framework; sourceTree = BUILT_PRODUCTS_DIR; };
		7C3C21D22B07E89300FDBA4A /* PlayerDetailView.swift */ = {isa = PBXFileReference; lastKnownFileType = sourcecode.swift; path = PlayerDetailView.swift; sourceTree = "<group>"; };
		7C9D91FB2B07075D00E5AABC /* Episode.swift */ = {isa = PBXFileReference; lastKnownFileType = sourcecode.swift; path = Episode.swift; sourceTree = "<group>"; };
		7C9D91FD2B0708AD00E5AABC /* EpisodeCell.swift */ = {isa = PBXFileReference; lastKnownFileType = sourcecode.swift; path = EpisodeCell.swift; sourceTree = "<group>"; };
		7C9D92022B07412900E5AABC /* String.swift */ = {isa = PBXFileReference; lastKnownFileType = sourcecode.swift; path = String.swift; sourceTree = "<group>"; };
		7C9D92042B07422900E5AABC /* RSSFeed.swift */ = {isa = PBXFileReference; lastKnownFileType = sourcecode.swift; path = RSSFeed.swift; sourceTree = "<group>"; };
		9411F4D22F720EDD0029272E /* PlayerManager.swift */ = {isa = PBXFileReference; lastKnownFileType = sourcecode.swift; path = PlayerManager.swift; sourceTree = "<group>"; };
		9418C40C2FAA8DCC00729079 /* GenrePodcastCell.swift */ = {isa = PBXFileReference; lastKnownFileType = sourcecode.swift; path = GenrePodcastCell.swift; sourceTree = "<group>"; };
		9418C40D2FAA8DCC00729079 /* GenresViewModel.swift */ = {isa = PBXFileReference; lastKnownFileType = sourcecode.swift; path = GenresViewModel.swift; sourceTree = "<group>"; };
		9418C40E2FAA8DCC00729079 /* PodcastGenreController.swift */ = {isa = PBXFileReference; lastKnownFileType = sourcecode.swift; path = PodcastGenreController.swift; sourceTree = "<group>"; };
		9418C4122FAA98E900729079 /* UIViewController.swift */ = {isa = PBXFileReference; lastKnownFileType = sourcecode.swift; path = UIViewController.swift; sourceTree = "<group>"; };
		9418C4162FAA9A1C00729079 /* PodcastResultSearchController.swift */ = {isa = PBXFileReference; lastKnownFileType = sourcecode.swift; path = PodcastResultSearchController.swift; sourceTree = "<group>"; };
		945DCE3C2FA3E75F00256995 /* HostingCellBackground.swift */ = {isa = PBXFileReference; lastKnownFileType = sourcecode.swift; path = HostingCellBackground.swift; sourceTree = "<group>"; };
		9490FA492FB2422000378ED5 /* CircleIconButton.swift */ = {isa = PBXFileReference; lastKnownFileType = sourcecode.swift; path = CircleIconButton.swift; sourceTree = "<group>"; };
		9490FA4B2FB244A600378ED5 /* HostingHeaderView.swift */ = {isa = PBXFileReference; lastKnownFileType = sourcecode.swift; path = HostingHeaderView.swift; sourceTree = "<group>"; };
		9490FA4D2FB2713D00378ED5 /* PodcastImage.swift */ = {isa = PBXFileReference; lastKnownFileType = sourcecode.swift; path = PodcastImage.swift; sourceTree = "<group>"; };
		9490FA4F2FB38DE300378ED5 /* HeaderState.swift */ = {isa = PBXFileReference; lastKnownFileType = sourcecode.swift; path = HeaderState.swift; sourceTree = "<group>"; };
		9490FA512FB3AB9600378ED5 /* AppButton.swift */ = {isa = PBXFileReference; lastKnownFileType = sourcecode.swift; path = AppButton.swift; sourceTree = "<group>"; };
		9490FA532FB3C78E00378ED5 /* WaveformBars.swift */ = {isa = PBXFileReference; lastKnownFileType = sourcecode.swift; path = WaveformBars.swift; sourceTree = "<group>"; };
		9490FA562FB3E13900378ED5 /* MiniPlayerView.swift */ = {isa = PBXFileReference; lastKnownFileType = sourcecode.swift; path = MiniPlayerView.swift; sourceTree = "<group>"; };
		9490FA592FB3E29000378ED5 /* RootView.swift */ = {isa = PBXFileReference; lastKnownFileType = sourcecode.swift; path = RootView.swift; sourceTree = "<group>"; };
		9490FA5C2FB4F6A100378ED5 /* LocalTranscriptionService.swift */ = {isa = PBXFileReference; lastKnownFileType = sourcecode.swift; path = LocalTranscriptionService.swift; sourceTree = "<group>"; };
		9490FA8A2FB5229D00378ED5 /* CompactHeader.swift */ = {isa = PBXFileReference; lastKnownFileType = sourcecode.swift; path = CompactHeader.swift; sourceTree = "<group>"; };
		9490FA8E2FB6201E00378ED5 /* PerformanceLogger.swift */ = {isa = PBXFileReference; lastKnownFileType = sourcecode.swift; path = PerformanceLogger.swift; sourceTree = "<group>"; };
		9490FA902FB6202800378ED5 /* PerformanceCategories.swift */ = {isa = PBXFileReference; lastKnownFileType = sourcecode.swift; path = PerformanceCategories.swift; sourceTree = "<group>"; };
		9490FA922FB63B5800378ED5 /* ImageMemoryCache.swift */ = {isa = PBXFileReference; lastKnownFileType = sourcecode.swift; path = ImageMemoryCache.swift; sourceTree = "<group>"; };
		9490FA942FB63B8800378ED5 /* UIImage+Decode.swift */ = {isa = PBXFileReference; lastKnownFileType = sourcecode.swift; path = "UIImage+Decode.swift"; sourceTree = "<group>"; };
		94F4E5B12F6C810400DC1130 /* StretchyHeaderLayout.swift */ = {isa = PBXFileReference; lastKnownFileType = sourcecode.swift; path = StretchyHeaderLayout.swift; sourceTree = "<group>"; };
		94F4E5B32F6C815900DC1130 /* EpisodeHeaderView.swift */ = {isa = PBXFileReference; lastKnownFileType = sourcecode.swift; path = EpisodeHeaderView.swift; sourceTree = "<group>"; };
		94F4E5B62F6C81B700DC1130 /* UIImage + averageBrightness.swift */ = {isa = PBXFileReference; lastKnownFileType = sourcecode.swift; path = "UIImage + averageBrightness.swift"; sourceTree = "<group>"; };
		94F4E5B82F6C86C100DC1130 /* FavoritesPodcastCell.swift */ = {isa = PBXFileReference; lastKnownFileType = sourcecode.swift; path = FavoritesPodcastCell.swift; sourceTree = "<group>"; };
		94F4E5BA2F6C8D0F00DC1130 /* FavoritesPodcastManager.swift */ = {isa = PBXFileReference; lastKnownFileType = sourcecode.swift; path = FavoritesPodcastManager.swift; sourceTree = "<group>"; };
		94F4E5BC2F6CA21A00DC1130 /* EpisodesViewModel.swift */ = {isa = PBXFileReference; lastKnownFileType = sourcecode.swift; path = EpisodesViewModel.swift; sourceTree = "<group>"; };
		94F4E5F52F6DDBB400DC1130 /* FavoritesPodcastViewModel.swift */ = {isa = PBXFileReference; lastKnownFileType = sourcecode.swift; path = FavoritesPodcastViewModel.swift; sourceTree = "<group>"; };
		94F4E5F72F6DFEB600DC1130 /* GenresRepositoryImpl.swift */ = {isa = PBXFileReference; lastKnownFileType = sourcecode.swift; path = GenresRepositoryImpl.swift; sourceTree = "<group>"; };
		94F4E5F92F6E001500DC1130 /* GenreResponse.swift */ = {isa = PBXFileReference; lastKnownFileType = sourcecode.swift; path = GenreResponse.swift; sourceTree = "<group>"; };
		BA4D2F392F2ADFB0008A036F /* PodcastSearchViewModel.swift */ = {isa = PBXFileReference; lastKnownFileType = sourcecode.swift; path = PodcastSearchViewModel.swift; sourceTree = "<group>"; };
		BA4D2F3C2F2ADFF5008A036F /* SearchPodcastRepository.swift */ = {isa = PBXFileReference; lastKnownFileType = sourcecode.swift; path = SearchPodcastRepository.swift; sourceTree = "<group>"; };
		BA4D2F5D2F2AE0D1008A036F /* PodcastRepositoryImpl.swift */ = {isa = PBXFileReference; lastKnownFileType = sourcecode.swift; path = PodcastRepositoryImpl.swift; sourceTree = "<group>"; };
		BA4D2F632F2AE4E1008A036F /* AVPlayerDataSource.swift */ = {isa = PBXFileReference; lastKnownFileType = sourcecode.swift; path = AVPlayerDataSource.swift; sourceTree = "<group>"; };
		BAF855302F2D708C00D6DA90 /* PlayerDetailViewModel.swift */ = {isa = PBXFileReference; lastKnownFileType = sourcecode.swift; path = PlayerDetailViewModel.swift; sourceTree = "<group>"; };
		BAF855332F2D8C6C00D6DA90 /* FavoritesPodcastController.swift */ = {isa = PBXFileReference; lastKnownFileType = sourcecode.swift; path = FavoritesPodcastController.swift; sourceTree = "<group>"; };
/* End PBXFileReference section */

/* Begin PBXFrameworksBuildPhase section */
		0BCC34482AFB195C005A3E38 /* Frameworks */ = {
			isa = PBXFrameworksBuildPhase;
			buildActionMask = 2147483647;
			files = (
				BA1FD1772F283CE100EBD902 /* Alamofire in Frameworks */,
				BA1FD16D2F283A5700EBD902 /* FeedKit in Frameworks */,
				BA1FD16A2F283A2700EBD902 /* SDWebImageMapKit in Frameworks */,
				BA1FD1682F283A2700EBD902 /* SDWebImage in Frameworks */,
				BA1FD16F2F283A5700EBD902 /* XMLKit in Frameworks */,
			);
			runOnlyForDeploymentPostprocessing = 0;
		};
/* End PBXFrameworksBuildPhase section */

/* Begin PBXGroup section */
		0B6094312AFC83B300D9A0DC /* Models */ = {
			isa = PBXGroup;
			children = (
				94F4E5F92F6E001500DC1130 /* GenreResponse.swift */,
				0B6094322AFC83D800D9A0DC /* Podcast.swift */,
				7C9D91FB2B07075D00E5AABC /* Episode.swift */,
			);
			path = Models;
			sourceTree = "<group>";
		};
		0B6B1F1D2B06A68A00FB0EFE /* DataSource */ = {
			isa = PBXGroup;
			children = (
				9490FA922FB63B5800378ED5 /* ImageMemoryCache.swift */,
				9490FA5C2FB4F6A100378ED5 /* LocalTranscriptionService.swift */,
				9411F4D22F720EDD0029272E /* PlayerManager.swift */,
				94F4E5BA2F6C8D0F00DC1130 /* FavoritesPodcastManager.swift */,
				BA4D2F632F2AE4E1008A036F /* AVPlayerDataSource.swift */,
				0B6B1F1E2B06A69C00FB0EFE /* PodcastRemoteDataService.swift */,
			);
			path = DataSource;
			sourceTree = "<group>";
		};
		0B6B1F202B06AC7600FB0EFE /* Representation */ = {
			isa = PBXGroup;
			children = (
				9490FA5B2FB3EA2800378ED5 /* Download */,
				9490FA582FB3E27200378ED5 /* TabBar */,
				BAF855322F2D8AD700D6DA90 /* Favorites */,
				BA4D2F622F2AE2A9008A036F /* PlayerDetail */,
				BA4D2F612F2AE287008A036F /* Episodes */,
				9418C4152FAA99B900729079 /* PodcastSearchContainer */,
			);
			path = Representation;
			sourceTree = "<group>";
		};
		0BCC34422AFB195C005A3E38 = {
			isa = PBXGroup;
			children = (
				0BCC344D2AFB195C005A3E38 /* Podcast */,
				0BCC344C2AFB195C005A3E38 /* Products */,
				CEC8FBBADD40A644A927A4B4 /* Frameworks */,
			);
			sourceTree = "<group>";
		};
		0BCC344C2AFB195C005A3E38 /* Products */ = {
			isa = PBXGroup;
			children = (
				0BCC344B2AFB195C005A3E38 /* Podcast.app */,
			);
			name = Products;
			sourceTree = "<group>";
		};
		0BCC344D2AFB195C005A3E38 /* Podcast */ = {
			isa = PBXGroup;
			children = (
				9490FA8C2FB6200B00378ED5 /* Core */,
				94F4E5B02F6C80E000DC1130 /* Layouts */,
				945DCE3B2FA3E74E00256995 /* HostingController */,
				94F4E5B52F6C818F00DC1130 /* Shared */,
				BA4D2F3B2F2ADFE9008A036F /* Repository */,
				7C9D92012B07411600E5AABC /* Extensions */,
				0B6B1F202B06AC7600FB0EFE /* Representation */,
				0B6B1F1D2B06A68A00FB0EFE /* DataSource */,
				0B6094312AFC83B300D9A0DC /* Models */,
				0BCC344E2AFB195C005A3E38 /* AppDelegate.swift */,
				0BCC34502AFB195C005A3E38 /* SceneDelegate.swift */,
				0BCC34522AFB195C005A3E38 /* ViewController.swift */,
				0BCC34542AFB195C005A3E38 /* Main.storyboard */,
				0BCC34572AFB195F005A3E38 /* Assets.xcassets */,
				0BCC34592AFB195F005A3E38 /* LaunchScreen.storyboard */,
				0BCC345C2AFB195F005A3E38 /* Info.plist */,
			);
			path = Podcast;
			sourceTree = "<group>";
		};
		7C9D92012B07411600E5AABC /* Extensions */ = {
			isa = PBXGroup;
			children = (
				9490FA942FB63B8800378ED5 /* UIImage+Decode.swift */,
				9490FA512FB3AB9600378ED5 /* AppButton.swift */,
				9418C4122FAA98E900729079 /* UIViewController.swift */,
				7C9D92022B07412900E5AABC /* String.swift */,
				7C9D92042B07422900E5AABC /* RSSFeed.swift */,
				0BBEE1282B0AD8DB00FE20A7 /* CMTime.swift */,
			);
			path = Extensions;
			sourceTree = "<group>";
		};
		9418C4152FAA99B900729079 /* PodcastSearchContainer */ = {
			isa = PBXGroup;
			children = (
				9418C4182FAA9A4800729079 /* PodcastGenre */,
				0B60942F2AFC82B700D9A0DC /* PodcastSearchContainerController.swift */,
				BA4D2F5F2F2AE24B008A036F /* PodcastResultSearch */,
			);
			path = PodcastSearchContainer;
			sourceTree = "<group>";
		};
		9418C4182FAA9A4800729079 /* PodcastGenre */ = {
			isa = PBXGroup;
			children = (
				9418C40C2FAA8DCC00729079 /* GenrePodcastCell.swift */,
				9418C40D2FAA8DCC00729079 /* GenresViewModel.swift */,
				9418C40E2FAA8DCC00729079 /* PodcastGenreController.swift */,
			);
			path = PodcastGenre;
			sourceTree = "<group>";
		};
		943FC3E42F4F7B60004C84A0 /* PodcastSearch */ = {
			isa = PBXGroup;
			children = (
				BA4D2F5D2F2AE0D1008A036F /* PodcastRepositoryImpl.swift */,
				BA4D2F3C2F2ADFF5008A036F /* SearchPodcastRepository.swift */,
			);
			path = PodcastSearch;
			sourceTree = "<group>";
		};
		943FC3E52F4F7B73004C84A0 /* PodcastGenre */ = {
			isa = PBXGroup;
			children = (
				94F4E5F72F6DFEB600DC1130 /* GenresRepositoryImpl.swift */,
			);
			path = PodcastGenre;
			sourceTree = "<group>";
		};
		945DCE3B2FA3E74E00256995 /* HostingController */ = {
			isa = PBXGroup;
			children = (
				945DCE3C2FA3E75F00256995 /* HostingCellBackground.swift */,
			);
			path = HostingController;
			sourceTree = "<group>";
		};
		9490FA552FB3E11E00378ED5 /* PlayerMini */ = {
			isa = PBXGroup;
			children = (
				9490FA8A2FB5229D00378ED5 /* CompactHeader.swift */,
				9490FA562FB3E13900378ED5 /* MiniPlayerView.swift */,
			);
			path = PlayerMini;
			sourceTree = "<group>";
		};
		9490FA582FB3E27200378ED5 /* TabBar */ = {
			isa = PBXGroup;
			children = (
				9490FA592FB3E29000378ED5 /* RootView.swift */,
				0B4218752AFB1AA1009100A8 /* MainTabController.swift */,
			);
			path = TabBar;
			sourceTree = "<group>";
		};
		9490FA5B2FB3EA2800378ED5 /* Download */ = {
			isa = PBXGroup;
			children = (
			);
			path = Download;
			sourceTree = "<group>";
		};
		9490FA8C2FB6200B00378ED5 /* Core */ = {
			isa = PBXGroup;
			children = (
				9490FA8D2FB6201700378ED5 /* Profiling */,
			);
			path = Core;
			sourceTree = "<group>";
		};
		9490FA8D2FB6201700378ED5 /* Profiling */ = {
			isa = PBXGroup;
			children = (
				9490FA8E2FB6201E00378ED5 /* PerformanceLogger.swift */,
				9490FA902FB6202800378ED5 /* PerformanceCategories.swift */,
			);
			path = Profiling;
			sourceTree = "<group>";
		};
		94F4E5B02F6C80E000DC1130 /* Layouts */ = {
			isa = PBXGroup;
			children = (
				9490FA532FB3C78E00378ED5 /* WaveformBars.swift */,
				9490FA4D2FB2713D00378ED5 /* PodcastImage.swift */,
				9490FA492FB2422000378ED5 /* CircleIconButton.swift */,
				94F4E5B12F6C810400DC1130 /* StretchyHeaderLayout.swift */,
			);
			path = Layouts;
			sourceTree = "<group>";
		};
		94F4E5B52F6C818F00DC1130 /* Shared */ = {
			isa = PBXGroup;
			children = (
				94F4E5B62F6C81B700DC1130 /* UIImage + averageBrightness.swift */,
			);
			path = Shared;
			sourceTree = "<group>";
		};
		BA4D2F3B2F2ADFE9008A036F /* Repository */ = {
			isa = PBXGroup;
			children = (
				943FC3E52F4F7B73004C84A0 /* PodcastGenre */,
				943FC3E42F4F7B60004C84A0 /* PodcastSearch */,
			);
			path = Repository;
			sourceTree = "<group>";
		};
		BA4D2F5F2F2AE24B008A036F /* PodcastResultSearch */ = {
			isa = PBXGroup;
			children = (
				9418C4162FAA9A1C00729079 /* PodcastResultSearchController.swift */,
				0B6B1F232B06B15100FB0EFE /* PodcastCell.swift */,
				BA4D2F392F2ADFB0008A036F /* PodcastSearchViewModel.swift */,
			);
			path = PodcastResultSearch;
			sourceTree = "<group>";
		};
		BA4D2F612F2AE287008A036F /* Episodes */ = {
			isa = PBXGroup;
			children = (
				9490FA4F2FB38DE300378ED5 /* HeaderState.swift */,
				9490FA4B2FB244A600378ED5 /* HostingHeaderView.swift */,
				94F4E5BC2F6CA21A00DC1130 /* EpisodesViewModel.swift */,
				94F4E5B32F6C815900DC1130 /* EpisodeHeaderView.swift */,
				0B6B1F252B06C5F000FB0EFE /* EpisodesController.swift */,
				7C9D91FD2B0708AD00E5AABC /* EpisodeCell.swift */,
			);
			path = Episodes;
			sourceTree = "<group>";
		};
		BA4D2F622F2AE2A9008A036F /* PlayerDetail */ = {
			isa = PBXGroup;
			children = (
				9490FA552FB3E11E00378ED5 /* PlayerMini */,
				BAF855302F2D708C00D6DA90 /* PlayerDetailViewModel.swift */,
				7C3C21D22B07E89300FDBA4A /* PlayerDetailView.swift */,
			);
			path = PlayerDetail;
			sourceTree = "<group>";
		};
		BAF855322F2D8AD700D6DA90 /* Favorites */ = {
			isa = PBXGroup;
			children = (
				94F4E5F52F6DDBB400DC1130 /* FavoritesPodcastViewModel.swift */,
				94F4E5B82F6C86C100DC1130 /* FavoritesPodcastCell.swift */,
				BAF855332F2D8C6C00D6DA90 /* FavoritesPodcastController.swift */,
			);
			path = Favorites;
			sourceTree = "<group>";
		};
		CEC8FBBADD40A644A927A4B4 /* Frameworks */ = {
			isa = PBXGroup;
			children = (
				384B7D8CB43BC2296EB82E81 /* Pods_Podcast.framework */,
			);
			name = Frameworks;
			sourceTree = "<group>";
		};
/* End PBXGroup section */

/* Begin PBXNativeTarget section */
		0BCC344A2AFB195C005A3E38 /* Podcast */ = {
			isa = PBXNativeTarget;
			buildConfigurationList = 0BCC345F2AFB195F005A3E38 /* Build configuration list for PBXNativeTarget "Podcast" */;
			buildPhases = (
				0BCC34472AFB195C005A3E38 /* Sources */,
				0BCC34482AFB195C005A3E38 /* Frameworks */,
				0BCC34492AFB195C005A3E38 /* Resources */,
			);
			buildRules = (
			);
			dependencies = (
			);
			name = Podcast;
			productName = Podcast;
			productReference = 0BCC344B2AFB195C005A3E38 /* Podcast.app */;
			productType = "com.apple.product-type.application";
		};
/* End PBXNativeTarget section */

/* Begin PBXProject section */
		0BCC34432AFB195C005A3E38 /* Project object */ = {
			isa = PBXProject;
			attributes = {
				BuildIndependentTargetsInParallel = 1;
				LastSwiftUpdateCheck = 1420;
				LastUpgradeCheck = 2610;
				TargetAttributes = {
					0BCC344A2AFB195C005A3E38 = {
						CreatedOnToolsVersion = 14.2;
					};
				};
			};
			buildConfigurationList = 0BCC34462AFB195C005A3E38 /* Build configuration list for PBXProject "Podcast" */;
			compatibilityVersion = "Xcode 14.0";
			developmentRegion = en;
			hasScannedForEncodings = 0;
			knownRegions = (
				en,
				Base,
			);
			mainGroup = 0BCC34422AFB195C005A3E38;
			packageReferences = (
				BA1FD1662F283A2700EBD902 /* XCRemoteSwiftPackageReference "SDWebImage" */,
				BA1FD16B2F283A5700EBD902 /* XCRemoteSwiftPackageReference "FeedKit" */,
				BA1FD1752F283CE100EBD902 /* XCRemoteSwiftPackageReference "Alamofire" */,
			);
			productRefGroup = 0BCC344C2AFB195C005A3E38 /* Products */;
			projectDirPath = "";
			projectRoot = "";
			targets = (
				0BCC344A2AFB195C005A3E38 /* Podcast */,
			);
		};
/* End PBXProject section */

/* Begin PBXResourcesBuildPhase section */
		0BCC34492AFB195C005A3E38 /* Resources */ = {
			isa = PBXResourcesBuildPhase;
			buildActionMask = 2147483647;
			files = (
				0BCC345B2AFB195F005A3E38 /* LaunchScreen.storyboard in Resources */,
				0BCC34582AFB195F005A3E38 /* Assets.xcassets in Resources */,
				0BCC34562AFB195C005A3E38 /* Main.storyboard in Resources */,
			);
			runOnlyForDeploymentPostprocessing = 0;
		};
/* End PBXResourcesBuildPhase section */

/* Begin PBXSourcesBuildPhase section */
		0BCC34472AFB195C005A3E38 /* Sources */ = {
			isa = PBXSourcesBuildPhase;
			buildActionMask = 2147483647;
			files = (
				9490FA4A2FB2422000378ED5 /* CircleIconButton.swift in Sources */,
				7C9D92052B07422900E5AABC /* RSSFeed.swift in Sources */,
				9418C4172FAA9A1C00729079 /* PodcastResultSearchController.swift in Sources */,
				94F4E5BB2F6C8D1E00DC1130 /* FavoritesPodcastManager.swift in Sources */,
				94F4E5F82F6DFEB600DC1130 /* GenresRepositoryImpl.swift in Sources */,
				0B6094302AFC82B700D9A0DC /* PodcastSearchContainerController.swift in Sources */,
				BAF855342F2D8C8000D6DA90 /* FavoritesPodcastController.swift in Sources */,
				9490FA502FB38DE300378ED5 /* HeaderState.swift in Sources */,
				94F4E5F62F6DDBC200DC1130 /* FavoritesPodcastViewModel.swift in Sources */,
				94F4E5B92F6C86C100DC1130 /* FavoritesPodcastCell.swift in Sources */,
				0B6094302AFC82B700D9A0DC /* PodcastSearchContainerController.swift in Sources */,
				9490FA522FB3AB9600378ED5 /* AppButton.swift in Sources */,
				7C3C21D32B07E89300FDBA4A /* PlayerDetailView.swift in Sources */,
				0B6B1F1F2B06A69C00FB0EFE /* PodcastRemoteDataService.swift in Sources */,
				9411F4D32F720EDD0029272E /* PlayerManager.swift in Sources */,
				94F4E5B72F6C81B700DC1130 /* UIImage + averageBrightness.swift in Sources */,
				9490FA5A2FB3E29000378ED5 /* RootView.swift in Sources */,
				0B6B1F242B06B15100FB0EFE /* PodcastCell.swift in Sources */,
				9418C4132FAA98F300729079 /* UIViewController.swift in Sources */,
				94F4E5B22F6C810B00DC1130 /* StretchyHeaderLayout.swift in Sources */,
				7C9D91FF2B0708AD00E5AABC /* EpisodeCell.swift in Sources */,
				9490FA5D2FB4F6A100378ED5 /* LocalTranscriptionService.swift in Sources */,
				7C9D91FC2B07075D00E5AABC /* Episode.swift in Sources */,
				BA4D2F642F2AE4E6008A036F /* AVPlayerDataSource.swift in Sources */,
				94F4E5BD2F6CA21A00DC1130 /* EpisodesViewModel.swift in Sources */,
				9418C40F2FAA8DCC00729079 /* GenrePodcastCell.swift in Sources */,
				9490FA4E2FB2713D00378ED5 /* PodcastImage.swift in Sources */,
				9418C4102FAA8DCC00729079 /* GenresViewModel.swift in Sources */,
				9418C4112FAA8DCC00729079 /* PodcastGenreController.swift in Sources */,
				9490FA932FB63B5800378ED5 /* ImageMemoryCache.swift in Sources */,
				BA4D2F3A2F2ADFB0008A036F /* PodcastSearchViewModel.swift in Sources */,
				0BCC34532AFB195C005A3E38 /* ViewController.swift in Sources */,
				7C9D92032B07412900E5AABC /* String.swift in Sources */,
				0B6094332AFC83D800D9A0DC /* Podcast.swift in Sources */,
				BA4D2F5C2F2AE059008A036F /* SearchPodcastRepository.swift in Sources */,
				9490FA8F2FB6201F00378ED5 /* PerformanceLogger.swift in Sources */,
				BA4D2F5E2F2AE0D4008A036F /* PodcastRepositoryImpl.swift in Sources */,
				94F4E5FA2F6E001500DC1130 /* GenreResponse.swift in Sources */,
				94F4E5B42F6C815900DC1130 /* EpisodeHeaderView.swift in Sources */,
				9490FA952FB63B8F00378ED5 /* UIImage+Decode.swift in Sources */,
				9490FA912FB6202900378ED5 /* PerformanceCategories.swift in Sources */,
				9490FA8B2FB5229D00378ED5 /* CompactHeader.swift in Sources */,
				9490FA572FB3E13900378ED5 /* MiniPlayerView.swift in Sources */,
				0BCC344F2AFB195C005A3E38 /* AppDelegate.swift in Sources */,
				0B4218762AFB1AA1009100A8 /* MainTabController.swift in Sources */,
				9490FA4C2FB244A600378ED5 /* HostingHeaderView.swift in Sources */,
				0BCC34512AFB195C005A3E38 /* SceneDelegate.swift in Sources */,
				9490FA542FB3C78E00378ED5 /* WaveformBars.swift in Sources */,
				0BBEE1292B0AD8DB00FE20A7 /* CMTime.swift in Sources */,
				945DCE3D2FA3E75F00256995 /* HostingCellBackground.swift in Sources */,
				BAF855312F2D709800D6DA90 /* PlayerDetailViewModel.swift in Sources */,
				0B6B1F262B06C5F000FB0EFE /* EpisodesController.swift in Sources */,
			);
			runOnlyForDeploymentPostprocessing = 0;
		};
/* End PBXSourcesBuildPhase section */

/* Begin PBXVariantGroup section */
		0BCC34542AFB195C005A3E38 /* Main.storyboard */ = {
			isa = PBXVariantGroup;
			children = (
				0BCC34552AFB195C005A3E38 /* Base */,
			);
			name = Main.storyboard;
			sourceTree = "<group>";
		};
		0BCC34592AFB195F005A3E38 /* LaunchScreen.storyboard */ = {
			isa = PBXVariantGroup;
			children = (
				0BCC345A2AFB195F005A3E38 /* Base */,
			);
			name = LaunchScreen.storyboard;
			sourceTree = "<group>";
		};
/* End PBXVariantGroup section */

/* Begin XCBuildConfiguration section */
		0BCC345D2AFB195F005A3E38 /* Debug */ = {
			isa = XCBuildConfiguration;
			buildSettings = {
				ALWAYS_SEARCH_USER_PATHS = NO;
				CLANG_ANALYZER_NONNULL = YES;
				CLANG_ANALYZER_NUMBER_OBJECT_CONVERSION = YES_AGGRESSIVE;
				CLANG_CXX_LANGUAGE_STANDARD = "gnu++20";
				CLANG_ENABLE_MODULES = YES;
				CLANG_ENABLE_OBJC_ARC = YES;
				CLANG_ENABLE_OBJC_WEAK = YES;
				CLANG_WARN_BLOCK_CAPTURE_AUTORELEASING = YES;
				CLANG_WARN_BOOL_CONVERSION = YES;
				CLANG_WARN_COMMA = YES;
				CLANG_WARN_CONSTANT_CONVERSION = YES;
				CLANG_WARN_DEPRECATED_OBJC_IMPLEMENTATIONS = YES;
				CLANG_WARN_DIRECT_OBJC_ISA_USAGE = YES_ERROR;
				CLANG_WARN_DOCUMENTATION_COMMENTS = YES;
				CLANG_WARN_EMPTY_BODY = YES;
				CLANG_WARN_ENUM_CONVERSION = YES;
				CLANG_WARN_INFINITE_RECURSION = YES;
				CLANG_WARN_INT_CONVERSION = YES;
				CLANG_WARN_NON_LITERAL_NULL_CONVERSION = YES;
				CLANG_WARN_OBJC_IMPLICIT_RETAIN_SELF = YES;
				CLANG_WARN_OBJC_LITERAL_CONVERSION = YES;
				CLANG_WARN_OBJC_ROOT_CLASS = YES_ERROR;
				CLANG_WARN_QUOTED_INCLUDE_IN_FRAMEWORK_HEADER = YES;
				CLANG_WARN_RANGE_LOOP_ANALYSIS = YES;
				CLANG_WARN_STRICT_PROTOTYPES = YES;
				CLANG_WARN_SUSPICIOUS_MOVE = YES;
				CLANG_WARN_UNGUARDED_AVAILABILITY = YES_AGGRESSIVE;
				CLANG_WARN_UNREACHABLE_CODE = YES;
				CLANG_WARN__DUPLICATE_METHOD_MATCH = YES;
				COPY_PHASE_STRIP = NO;
				DEBUG_INFORMATION_FORMAT = dwarf;
				DEVELOPMENT_TEAM = 9CWTM4F934;
				ENABLE_STRICT_OBJC_MSGSEND = YES;
				ENABLE_TESTABILITY = YES;
				ENABLE_USER_SCRIPT_SANDBOXING = YES;
				GCC_C_LANGUAGE_STANDARD = gnu11;
				GCC_DYNAMIC_NO_PIC = NO;
				GCC_NO_COMMON_BLOCKS = YES;
				GCC_OPTIMIZATION_LEVEL = 0;
				GCC_PREPROCESSOR_DEFINITIONS = (
					"DEBUG=1",
					"$(inherited)",
				);
				GCC_WARN_64_TO_32_BIT_CONVERSION = YES;
				GCC_WARN_ABOUT_RETURN_TYPE = YES_ERROR;
				GCC_WARN_UNDECLARED_SELECTOR = YES;
				GCC_WARN_UNINITIALIZED_AUTOS = YES_AGGRESSIVE;
				GCC_WARN_UNUSED_FUNCTION = YES;
				GCC_WARN_UNUSED_VARIABLE = YES;
				IPHONEOS_DEPLOYMENT_TARGET = 16.2;
				MTL_ENABLE_DEBUG_INFO = INCLUDE_SOURCE;
				MTL_FAST_MATH = YES;
				ONLY_ACTIVE_ARCH = YES;
				SDKROOT = iphoneos;
				STRING_CATALOG_GENERATE_SYMBOLS = YES;
				SWIFT_ACTIVE_COMPILATION_CONDITIONS = DEBUG;
				SWIFT_OPTIMIZATION_LEVEL = "-Onone";
			};
			name = Debug;
		};
		0BCC345E2AFB195F005A3E38 /* Release */ = {
			isa = XCBuildConfiguration;
			buildSettings = {
				ALWAYS_SEARCH_USER_PATHS = NO;
				CLANG_ANALYZER_NONNULL = YES;
				CLANG_ANALYZER_NUMBER_OBJECT_CONVERSION = YES_AGGRESSIVE;
				CLANG_CXX_LANGUAGE_STANDARD = "gnu++20";
				CLANG_ENABLE_MODULES = YES;
				CLANG_ENABLE_OBJC_ARC = YES;
				CLANG_ENABLE_OBJC_WEAK = YES;
				CLANG_WARN_BLOCK_CAPTURE_AUTORELEASING = YES;
				CLANG_WARN_BOOL_CONVERSION = YES;
				CLANG_WARN_COMMA = YES;
				CLANG_WARN_CONSTANT_CONVERSION = YES;
				CLANG_WARN_DEPRECATED_OBJC_IMPLEMENTATIONS = YES;
				CLANG_WARN_DIRECT_OBJC_ISA_USAGE = YES_ERROR;
				CLANG_WARN_DOCUMENTATION_COMMENTS = YES;
				CLANG_WARN_EMPTY_BODY = YES;
				CLANG_WARN_ENUM_CONVERSION = YES;
				CLANG_WARN_INFINITE_RECURSION = YES;
				CLANG_WARN_INT_CONVERSION = YES;
				CLANG_WARN_NON_LITERAL_NULL_CONVERSION = YES;
				CLANG_WARN_OBJC_IMPLICIT_RETAIN_SELF = YES;
				CLANG_WARN_OBJC_LITERAL_CONVERSION = YES;
				CLANG_WARN_OBJC_ROOT_CLASS = YES_ERROR;
				CLANG_WARN_QUOTED_INCLUDE_IN_FRAMEWORK_HEADER = YES;
				CLANG_WARN_RANGE_LOOP_ANALYSIS = YES;
				CLANG_WARN_STRICT_PROTOTYPES = YES;
				CLANG_WARN_SUSPICIOUS_MOVE = YES;
				CLANG_WARN_UNGUARDED_AVAILABILITY = YES_AGGRESSIVE;
				CLANG_WARN_UNREACHABLE_CODE = YES;
				CLANG_WARN__DUPLICATE_METHOD_MATCH = YES;
				COPY_PHASE_STRIP = NO;
				DEBUG_INFORMATION_FORMAT = "dwarf-with-dsym";
				DEVELOPMENT_TEAM = 9CWTM4F934;
				ENABLE_NS_ASSERTIONS = NO;
				ENABLE_STRICT_OBJC_MSGSEND = YES;
				ENABLE_USER_SCRIPT_SANDBOXING = YES;
				GCC_C_LANGUAGE_STANDARD = gnu11;
				GCC_NO_COMMON_BLOCKS = YES;
				GCC_WARN_64_TO_32_BIT_CONVERSION = YES;
				GCC_WARN_ABOUT_RETURN_TYPE = YES_ERROR;
				GCC_WARN_UNDECLARED_SELECTOR = YES;
				GCC_WARN_UNINITIALIZED_AUTOS = YES_AGGRESSIVE;
				GCC_WARN_UNUSED_FUNCTION = YES;
				GCC_WARN_UNUSED_VARIABLE = YES;
				IPHONEOS_DEPLOYMENT_TARGET = 16.2;
				MTL_ENABLE_DEBUG_INFO = NO;
				MTL_FAST_MATH = YES;
				SDKROOT = iphoneos;
				STRING_CATALOG_GENERATE_SYMBOLS = YES;
				SWIFT_COMPILATION_MODE = wholemodule;
				SWIFT_OPTIMIZATION_LEVEL = "-O";
				VALIDATE_PRODUCT = YES;
			};
			name = Release;
		};
		0BCC34602AFB195F005A3E38 /* Debug */ = {
			isa = XCBuildConfiguration;
			buildSettings = {
				ASSETCATALOG_COMPILER_APPICON_NAME = AppIcon;
				ASSETCATALOG_COMPILER_GLOBAL_ACCENT_COLOR_NAME = AccentColor;
				CODE_SIGN_STYLE = Automatic;
				CURRENT_PROJECT_VERSION = 1;
				GENERATE_INFOPLIST_FILE = YES;
				INFOPLIST_FILE = Podcast/Info.plist;
				INFOPLIST_KEY_UIApplicationSupportsIndirectInputEvents = YES;
				INFOPLIST_KEY_UILaunchStoryboardName = LaunchScreen;
				INFOPLIST_KEY_UIMainStoryboardFile = Main;
				INFOPLIST_KEY_UISupportedInterfaceOrientations_iPad = "UIInterfaceOrientationPortrait UIInterfaceOrientationPortraitUpsideDown UIInterfaceOrientationLandscapeLeft UIInterfaceOrientationLandscapeRight";
				INFOPLIST_KEY_UISupportedInterfaceOrientations_iPhone = "UIInterfaceOrientationPortrait UIInterfaceOrientationLandscapeLeft UIInterfaceOrientationLandscapeRight";
				IPHONEOS_DEPLOYMENT_TARGET = 26.0;
				LD_RUNPATH_SEARCH_PATHS = (
					"$(inherited)",
					"@executable_path/Frameworks",
				);
				MARKETING_VERSION = 1.0;
				PRODUCT_BUNDLE_IDENTIFIER = nathan.mora.Podcast;
				PRODUCT_NAME = "$(TARGET_NAME)";
				SWIFT_EMIT_LOC_STRINGS = YES;
				SWIFT_VERSION = 5.0;
				TARGETED_DEVICE_FAMILY = "1,2";
			};
			name = Debug;
		};
		0BCC34612AFB195F005A3E38 /* Release */ = {
			isa = XCBuildConfiguration;
			buildSettings = {
				ASSETCATALOG_COMPILER_APPICON_NAME = AppIcon;
				ASSETCATALOG_COMPILER_GLOBAL_ACCENT_COLOR_NAME = AccentColor;
				CODE_SIGN_STYLE = Automatic;
				CURRENT_PROJECT_VERSION = 1;
				GENERATE_INFOPLIST_FILE = YES;
				INFOPLIST_FILE = Podcast/Info.plist;
				INFOPLIST_KEY_UIApplicationSupportsIndirectInputEvents = YES;
				INFOPLIST_KEY_UILaunchStoryboardName = LaunchScreen;
				INFOPLIST_KEY_UIMainStoryboardFile = Main;
				INFOPLIST_KEY_UISupportedInterfaceOrientations_iPad = "UIInterfaceOrientationPortrait UIInterfaceOrientationPortraitUpsideDown UIInterfaceOrientationLandscapeLeft UIInterfaceOrientationLandscapeRight";
				INFOPLIST_KEY_UISupportedInterfaceOrientations_iPhone = "UIInterfaceOrientationPortrait UIInterfaceOrientationLandscapeLeft UIInterfaceOrientationLandscapeRight";
				IPHONEOS_DEPLOYMENT_TARGET = 26.0;
				LD_RUNPATH_SEARCH_PATHS = (
					"$(inherited)",
					"@executable_path/Frameworks",
				);
				MARKETING_VERSION = 1.0;
				PRODUCT_BUNDLE_IDENTIFIER = nathan.mora.Podcast;
				PRODUCT_NAME = "$(TARGET_NAME)";
				SWIFT_EMIT_LOC_STRINGS = YES;
				SWIFT_VERSION = 5.0;
				TARGETED_DEVICE_FAMILY = "1,2";
			};
			name = Release;
		};
/* End XCBuildConfiguration section */

/* Begin XCConfigurationList section */
		0BCC34462AFB195C005A3E38 /* Build configuration list for PBXProject "Podcast" */ = {
			isa = XCConfigurationList;
			buildConfigurations = (
				0BCC345D2AFB195F005A3E38 /* Debug */,
				0BCC345E2AFB195F005A3E38 /* Release */,
			);
			defaultConfigurationIsVisible = 0;
			defaultConfigurationName = Release;
		};
		0BCC345F2AFB195F005A3E38 /* Build configuration list for PBXNativeTarget "Podcast" */ = {
			isa = XCConfigurationList;
			buildConfigurations = (
				0BCC34602AFB195F005A3E38 /* Debug */,
				0BCC34612AFB195F005A3E38 /* Release */,
			);
			defaultConfigurationIsVisible = 0;
			defaultConfigurationName = Release;
		};
/* End XCConfigurationList section */

/* Begin XCRemoteSwiftPackageReference section */
		BA1FD1662F283A2700EBD902 /* XCRemoteSwiftPackageReference "SDWebImage" */ = {
			isa = XCRemoteSwiftPackageReference;
			repositoryURL = "https://github.com/SDWebImage/SDWebImage";
			requirement = {
				kind = upToNextMajorVersion;
				minimumVersion = 5.21.5;
			};
		};
		BA1FD16B2F283A5700EBD902 /* XCRemoteSwiftPackageReference "FeedKit" */ = {
			isa = XCRemoteSwiftPackageReference;
			repositoryURL = "https://github.com/nmdias/FeedKit.git";
			requirement = {
				kind = upToNextMajorVersion;
				minimumVersion = 10.3.0;
			};
		};
		BA1FD1752F283CE100EBD902 /* XCRemoteSwiftPackageReference "Alamofire" */ = {
			isa = XCRemoteSwiftPackageReference;
			repositoryURL = "https://github.com/Alamofire/Alamofire.git";
			requirement = {
				kind = exactVersion;
				version = 5.6.4;
			};
		};
/* End XCRemoteSwiftPackageReference section */

/* Begin XCSwiftPackageProductDependency section */
		BA1FD1672F283A2700EBD902 /* SDWebImage */ = {
			isa = XCSwiftPackageProductDependency;
			package = BA1FD1662F283A2700EBD902 /* XCRemoteSwiftPackageReference "SDWebImage" */;
			productName = SDWebImage;
		};
		BA1FD1692F283A2700EBD902 /* SDWebImageMapKit */ = {
			isa = XCSwiftPackageProductDependency;
			package = BA1FD1662F283A2700EBD902 /* XCRemoteSwiftPackageReference "SDWebImage" */;
			productName = SDWebImageMapKit;
		};
		BA1FD16C2F283A5700EBD902 /* FeedKit */ = {
			isa = XCSwiftPackageProductDependency;
			package = BA1FD16B2F283A5700EBD902 /* XCRemoteSwiftPackageReference "FeedKit" */;
			productName = FeedKit;
		};
		BA1FD16E2F283A5700EBD902 /* XMLKit */ = {
			isa = XCSwiftPackageProductDependency;
			package = BA1FD16B2F283A5700EBD902 /* XCRemoteSwiftPackageReference "FeedKit" */;
			productName = XMLKit;
		};
		BA1FD1762F283CE100EBD902 /* Alamofire */ = {
			isa = XCSwiftPackageProductDependency;
			package = BA1FD1752F283CE100EBD902 /* XCRemoteSwiftPackageReference "Alamofire" */;
			productName = Alamofire;
		};
/* End XCSwiftPackageProductDependency section */
	};
	rootObject = 0BCC34432AFB195C005A3E38 /* Project object */;
}
